
Microsoft Visual Studio Solution File, Format Version 12.00
# Visual Studio Version 16
VisualStudioVersion = 16.0.30907.101
MinimumVisualStudioVersion = 10.0.40219.1
Project("{FAE04EC0-301F-11D3-BF4B-00C04F79EFBC}") = "ArmoSearch", "ArmoSearch.csproj", "{5DDF033B-C4A8-4CFA-804B-7246BB661073}"
EndProject
Global
	GlobalSection(SolutionConfigurationPlatforms) = preSolution
		Debug|Any CPU = Debug|Any CPU
		Release|Any CPU = Release|Any CPU
	EndGlobalSection
	GlobalSection(ProjectConfigurationPlatforms) = postSolution
		{5DDF033B-C4A8-4CFA-804B-7246BB661073}.Debug|Any CPU.ActiveCfg = Debug|Any CPU
		{5DDF033B-C4A8-4CFA-804B-7246BB661073}.Debug|Any CPU.Build.0 = Debug|Any CPU
		{5DDF033B-C4A8-4CFA-804B-7246BB661073}.Release|Any CPU.ActiveCfg = Release|Any CPU
		{5DDF033B-C4A8-4CFA-804B-7246BB661073}.Release|Any CPU.Build.0 = Release|Any CPU
	EndGlobalSection
	GlobalSection(SolutionProperties) = preSolution
		HideSolutionNode = FALSE
	EndGlobalSection
	GlobalSection(ExtensibilityGlobals) = postSolution
		SolutionGuid = {7FC3A591-E209-4ECE-96A0-26A973783EB2}
	EndGlobalSection
EndGlobal
